
Microsoft Visual Studio Solution File, Format Version 12.00
# Visual Studio Version 17
VisualStudioVersion = 17.13.35931.197 d17.13
MinimumVisualStudioVersion = 10.0.40219.1
Project("{FAE04EC0-301F-11D3-BF4B-00C04F79EFBC}") = "CurrencyExchangeApp", "CurrencyExchangeApp.csproj", "{0AA9472C-B8DA-9146-D399-AFF593C2110D}"
EndProject
Global
	GlobalSection(SolutionConfigurationPlatforms) = preSolution
		Debug|Any CPU = Debug|Any CPU
		Release|Any CPU = Release|Any CPU
	EndGlobalSection
	GlobalSection(ProjectConfigurationPlatforms) = postSolution
		{0AA9472C-B8DA-9146-D399-AFF593C2110D}.Debug|Any CPU.ActiveCfg = Debug|Any CPU
		{0AA9472C-B8DA-9146-D399-AFF593C2110D}.Debug|Any CPU.Build.0 = Debug|Any CPU
		{0AA9472C-B8DA-9146-D399-AFF593C2110D}.Release|Any CPU.ActiveCfg = Release|Any CPU
		{0AA9472C-B8DA-9146-D399-AFF593C2110D}.Release|Any CPU.Build.0 = Release|Any CPU
	EndGlobalSection
	GlobalSection(SolutionProperties) = preSolution
		HideSolutionNode = FALSE
	EndGlobalSection
	GlobalSection(ExtensibilityGlobals) = postSolution
		SolutionGuid = {8BB11E3C-7E67-4FE8-957B-9629FF88CB59}
	EndGlobalSection
EndGlobal
